{
  "requires": true,
  "lockfileVersion": 1,
  "dependencies": {
    "minireset.css": {
      "version": "0.0.5",
      "resolved": "https://registry.npmjs.org/minireset.css/-/minireset.css-0.0.5.tgz",
      "integrity": "sha512-q3Z1aXZaZyrXeHqg8+LeKvrmCVC3D295RLhYeLNFP9MUKndNAmQXRJXAbu4JhhDdErZPTLDxDt4kTVpWBRaB6A=="
    },
    "vue": {
      "version": "2.6.10",
      "resolved": "https://registry.npmjs.org/vue/-/vue-2.6.10.tgz",
      "integrity": "sha512-ImThpeNU9HbdZL3utgMCq0oiMzAkt1mcgy3/E6zWC/G6AaQoeuFdsl9nDhTDU3X1R6FK7nsIUuRACVcjI+A2GQ=="
    }
  }
}
